{
  "name": "@inout/common",
  "version": "0.1.0",
  "lockfileVersion": 3,
  "requires": true,
  "packages": {
    "": {
      "name": "@inout/common",
      "version": "0.1.0",
      "license": "MIT",
      "devDependencies": {
        "prettier": "^3.2.5",
        "prettier-plugin-sql-cst": "^0.11.5"
      }
    },
    "node_modules/prettier": {
      "version": "3.2.5",
      "resolved": "https://registry.npmjs.org/prettier/-/prettier-3.2.5.tgz",
      "integrity": "sha512-3/GWa9aOC0YeD7LUfvOG2NiDyhOWRvt1k+rcKhOuYnMY24iiCphgneUfJDyFXd6rZCAnuLBv6UeAULtrhT/F4A==",
      "dev": true,
      "bin": {
        "prettier": "bin/prettier.cjs"
      },
      "engines": {
        "node": ">=14"
      },
      "funding": {
        "url": "https://github.com/prettier/prettier?sponsor=1"
      }
    },
    "node_modules/prettier-plugin-sql-cst": {
      "version": "0.11.5",
      "resolved": "https://registry.npmjs.org/prettier-plugin-sql-cst/-/prettier-plugin-sql-cst-0.11.5.tgz",
      "integrity": "sha512-XwtwHSxNsOyyZdY+EaZoT5Sdd6nWF7U+8FE25kOomfISYwIXml/MMGnVIi3WiBhMbe5aclpys0n9rkgkyjnesA==",
      "dev": true,
      "dependencies": {
        "prettier": "^3.0.3",
        "sql-parser-cst": "^0.28.0"
      }
    },
    "node_modules/sql-parser-cst": {
      "version": "0.28.0",
      "resolved": "https://registry.npmjs.org/sql-parser-cst/-/sql-parser-cst-0.28.0.tgz",
      "integrity": "sha512-LNxy0X6C04iXRx83DXbK6PVwIvj1deEVN9wZAf139KeD32/oEQfFBL2RmXyElrgqCO99hQLJKbbQL40j4yx/uw==",
      "dev": true
    }
  }
}
